
Microsoft Visual Studio Solution File, Format Version 12.00
# Visual Studio Version 16
VisualStudioVersion = 16.0.33130.400
MinimumVisualStudioVersion = 10.0.40219.1
Project("{FAE04EC0-301F-11D3-BF4B-00C04F79EFBC}") = "assis3Q2", "assis3Q2\assis3Q2.csproj", "{89F44477-B1BF-4A10-B1F4-8CD3F15114D3}"
EndProject
Global
	GlobalSection(SolutionConfigurationPlatforms) = preSolution
		Debug|Any CPU = Debug|Any CPU
		Release|Any CPU = Release|Any CPU
	EndGlobalSection
	GlobalSection(ProjectConfigurationPlatforms) = postSolution
		{89F44477-B1BF-4A10-B1F4-8CD3F15114D3}.Debug|Any CPU.ActiveCfg = Debug|Any CPU
		{89F44477-B1BF-4A10-B1F4-8CD3F15114D3}.Debug|Any CPU.Build.0 = Debug|Any CPU
		{89F44477-B1BF-4A10-B1F4-8CD3F15114D3}.Release|Any CPU.ActiveCfg = Release|Any CPU
		{89F44477-B1BF-4A10-B1F4-8CD3F15114D3}.Release|Any CPU.Build.0 = Release|Any CPU
	EndGlobalSection
	GlobalSection(SolutionProperties) = preSolution
		HideSolutionNode = FALSE
	EndGlobalSection
	GlobalSection(ExtensibilityGlobals) = postSolution
		SolutionGuid = {41160155-54DF-4575-B74B-4081F3EEF516}
	EndGlobalSection
EndGlobal
